schema: '2.0'
stages:
  data_ingestion:
    cmd: python src/CNNClassifier/pipeline/stage_01_data_ingestion.py
    deps:
    - path: config/config.yaml
      hash: md5
      md5: a67e433f78d42b7d2ff4b821c158bad6
      size: 808
    - path: src/CNNClassifier/pipeline/stage_01_data_ingestion.py
      hash: md5
      md5: 8326121265e2c756ebe53aaaa6dec658
      size: 892
    outs:
    - path: artifacts/data_ingestion/Chicken-fecal-images
      hash: md5
      md5: 9e1f8dd2eae3c29e9d635df89d438ae4.dir
      size: 12207807
      nfiles: 390
  prepare_base_model:
    cmd: python src/CNNClassifier/pipeline/stage_02_prepare_base_model.py
    deps:
    - path: config/config.yaml
      hash: md5
      md5: a67e433f78d42b7d2ff4b821c158bad6
      size: 808
    - path: src/CNNClassifier/pipeline/stage_02_prepare_base_model.py
      hash: md5
      md5: b856008cc1fce39d73b9d130a1b41ea7
      size: 971
    params:
      params.yaml:
        CLASSES: 2
        IMAGE_SIZE:
        - 224
        - 224
        - 3
        INCLUDE_TOP: false
        LEARNING_RATE: 0.01
        WEIGHTS: imagenet
    outs:
    - path: artifacts/prepare_base_model
      hash: md5
      md5: 7deb03083183eac589ee61e487f6098d.dir
      size: 118059248
      nfiles: 2
  training:
    cmd: python src/CNNClassifier/pipeline/stage_03_training.py
    deps:
    - path: artifacts/data_ingestion/Chicken-fecal-images
      hash: md5
      md5: 9e1f8dd2eae3c29e9d635df89d438ae4.dir
      size: 12207807
      nfiles: 390
    - path: artifacts/prepare_base_model
      hash: md5
      md5: 7deb03083183eac589ee61e487f6098d.dir
      size: 118059248
      nfiles: 2
    - path: config/config.yaml
      hash: md5
      md5: a67e433f78d42b7d2ff4b821c158bad6
      size: 808
    - path: src/CNNClassifier/components/prepare_callbacks.py
      hash: md5
      md5: a02d5309d116bf11639bd36b3a249137
      size: 973
    - path: src/CNNClassifier/pipeline/stage_03_training.py
      hash: md5
      md5: 5ab9471b389bdbd528da215ad430bf5f
      size: 1221
    params:
      params.yaml:
        AUGMENTATION: true
        BATCH_SIZE: 32
        EPOCHS: 3
        IMAGE_SIZE:
        - 224
        - 224
        - 3
    outs:
    - path: artifacts/training/model.h5
      hash: md5
      md5: 338c19cec31cd11bb790c194d451db9b
      size: 59340720
  evaluation:
    cmd: python src/CNNClassifier/pipeline/stage_04_evaluation.py
    deps:
    - path: artifacts/data_ingestion/Chicken-fecal-images
      hash: md5
      md5: 9e1f8dd2eae3c29e9d635df89d438ae4.dir
      size: 12207807
      nfiles: 390
    - path: artifacts/training/model.h5
      hash: md5
      md5: 338c19cec31cd11bb790c194d451db9b
      size: 59340720
    - path: config/config.yaml
      hash: md5
      md5: a67e433f78d42b7d2ff4b821c158bad6
      size: 808
    - path: src/CNNClassifier/pipeline/stage_04_evaluation.py
      hash: md5
      md5: f01741f0401ad5c445fe7435cf398f38
      size: 810
    params:
      params.yaml:
        BATCH_SIZE: 32
        IMAGE_SIZE:
        - 224
        - 224
        - 3
    outs:
    - path: scores.json
      hash: md5
      md5: 48ff47a654cf574bf9bcac4302cabffa
      size: 71
